// !$*UTF8*$!
{
	archiveVersion = 1;
	classes = {
	};
	objectVersion = 45;
	objects = {

/* Begin PBXBuildFile section */
		1D3623260D0F684500981E51 /* GlintAppDelegate.m in Sources */ = {isa = PBXBuildFile; fileRef = 1D3623250D0F684500981E51 /* GlintAppDelegate.m */; };
		1D60589B0D05DD56006BFB54 /* main.m in Sources */ = {isa = PBXBuildFile; fileRef = 29B97316FDCFA39411CA2CEA /* main.m */; };
		1D60589F0D05DD5A006BFB54 /* Foundation.framework in Frameworks */ = {isa = PBXBuildFile; fileRef = 1D30AB110D05D00D00671497 /* Foundation.framework */; };
		1DF5F4E00D08C38300B7A737 /* UIKit.framework in Frameworks */ = {isa = PBXBuildFile; fileRef = 1DF5F4DF0D08C38300B7A737 /* UIKit.framework */; };
		288765A50DF7441C002DB57D /* CoreGraphics.framework in Frameworks */ = {isa = PBXBuildFile; fileRef = 288765A40DF7441C002DB57D /* CoreGraphics.framework */; };
		2899E5220DE3E06400AC0155 /* GlintViewController.xib in Resources */ = {isa = PBXBuildFile; fileRef = 2899E5210DE3E06400AC0155 /* GlintViewController.xib */; };
		28AD733F0D9D9553002E5188 /* MainWindow.xib in Resources */ = {isa = PBXBuildFile; fileRef = 28AD733E0D9D9553002E5188 /* MainWindow.xib */; };
		28D7ACF80DDB3853001CB0EB /* GlintViewController.m in Sources */ = {isa = PBXBuildFile; fileRef = 28D7ACF70DDB3853001CB0EB /* GlintViewController.m */; };
		291C24D510011B7B0086EE86 /* unitsets.plist in Resources */ = {isa = PBXBuildFile; fileRef = 291C24D410011B7B0086EE86 /* unitsets.plist */; };
		29874F9A0FF776EB0080E20D /* Icon.png in Resources */ = {isa = PBXBuildFile; fileRef = 29874F990FF776EB0080E20D /* Icon.png */; };
		29C7910510027A8E00EA28CC /* GlintCompassView.m in Sources */ = {isa = PBXBuildFile; fileRef = 29C7910410027A8E00EA28CC /* GlintCompassView.m */; };
		29CE3C9510079BAD00AEC5A4 /* GlintGPXWriter.m in Sources */ = {isa = PBXBuildFile; fileRef = 29CE3C9410079BAD00AEC5A4 /* GlintGPXWriter.m */; };
		29FE31E30FF4359D00E9FE05 /* Basso.aiff in Resources */ = {isa = PBXBuildFile; fileRef = 29FE31DD0FF4359D00E9FE05 /* Basso.aiff */; };
		29FE31E50FF4359D00E9FE05 /* green-sphere.png in Resources */ = {isa = PBXBuildFile; fileRef = 29FE31DF0FF4359D00E9FE05 /* green-sphere.png */; };
		29FE31E60FF4359D00E9FE05 /* Purr.aiff in Resources */ = {isa = PBXBuildFile; fileRef = 29FE31E00FF4359D00E9FE05 /* Purr.aiff */; };
		29FE31E70FF4359D00E9FE05 /* red-sphere.png in Resources */ = {isa = PBXBuildFile; fileRef = 29FE31E10FF4359D00E9FE05 /* red-sphere.png */; };
		29FE31E80FF4359D00E9FE05 /* yellow-sphere.png in Resources */ = {isa = PBXBuildFile; fileRef = 29FE31E20FF4359D00E9FE05 /* yellow-sphere.png */; };
		29FE31EB0FF435DB00E9FE05 /* JBSoundEffect.m in Sources */ = {isa = PBXBuildFile; fileRef = 29FE31EA0FF435DB00E9FE05 /* JBSoundEffect.m */; };
		29FE32110FF436AC00E9FE05 /* Settings.bundle in Resources */ = {isa = PBXBuildFile; fileRef = 29FE32100FF436AC00E9FE05 /* Settings.bundle */; };
		29FE32180FF436EF00E9FE05 /* AudioToolbox.framework in Frameworks */ = {isa = PBXBuildFile; fileRef = 29FE32170FF436EF00E9FE05 /* AudioToolbox.framework */; };
		29FE32280FF4370200E9FE05 /* CoreLocation.framework in Frameworks */ = {isa = PBXBuildFile; fileRef = 29FE32270FF4370200E9FE05 /* CoreLocation.framework */; };
/* End PBXBuildFile section */

/* Begin PBXFileReference section */
		1D30AB110D05D00D00671497 /* Foundation.framework */ = {isa = PBXFileReference; lastKnownFileType = wrapper.framework; name = Foundation.framework; path = System/Library/Frameworks/Foundation.framework; sourceTree = SDKROOT; };
		1D3623240D0F684500981E51 /* GlintAppDelegate.h */ = {isa = PBXFileReference; fileEncoding = 4; lastKnownFileType = sourcecode.c.h; path = GlintAppDelegate.h; sourceTree = "<group>"; };
		1D3623250D0F684500981E51 /* GlintAppDelegate.m */ = {isa = PBXFileReference; fileEncoding = 4; lastKnownFileType = sourcecode.c.objc; path = GlintAppDelegate.m; sourceTree = "<group>"; };
		1D6058910D05DD3D006BFB54 /* Glint.app */ = {isa = PBXFileReference; explicitFileType = wrapper.application; includeInIndex = 0; path = Glint.app; sourceTree = BUILT_PRODUCTS_DIR; };
		1DF5F4DF0D08C38300B7A737 /* UIKit.framework */ = {isa = PBXFileReference; lastKnownFileType = wrapper.framework; name = UIKit.framework; path = System/Library/Frameworks/UIKit.framework; sourceTree = SDKROOT; };
		288765A40DF7441C002DB57D /* CoreGraphics.framework */ = {isa = PBXFileReference; lastKnownFileType = wrapper.framework; name = CoreGraphics.framework; path = System/Library/Frameworks/CoreGraphics.framework; sourceTree = SDKROOT; };
		2899E5210DE3E06400AC0155 /* GlintViewController.xib */ = {isa = PBXFileReference; lastKnownFileType = file.xib; path = GlintViewController.xib; sourceTree = "<group>"; };
		28AD733E0D9D9553002E5188 /* MainWindow.xib */ = {isa = PBXFileReference; lastKnownFileType = file.xib; path = MainWindow.xib; sourceTree = "<group>"; };
		28D7ACF60DDB3853001CB0EB /* GlintViewController.h */ = {isa = PBXFileReference; fileEncoding = 4; lastKnownFileType = sourcecode.c.h; path = GlintViewController.h; sourceTree = "<group>"; };
		28D7ACF70DDB3853001CB0EB /* GlintViewController.m */ = {isa = PBXFileReference; fileEncoding = 4; lastKnownFileType = sourcecode.c.objc; path = GlintViewController.m; sourceTree = "<group>"; };
		291C24D410011B7B0086EE86 /* unitsets.plist */ = {isa = PBXFileReference; fileEncoding = 4; lastKnownFileType = text.plist.xml; path = unitsets.plist; sourceTree = "<group>"; };
		29874F990FF776EB0080E20D /* Icon.png */ = {isa = PBXFileReference; lastKnownFileType = image.png; path = Icon.png; sourceTree = "<group>"; };
		29B97316FDCFA39411CA2CEA /* main.m */ = {isa = PBXFileReference; fileEncoding = 4; lastKnownFileType = sourcecode.c.objc; path = main.m; sourceTree = "<group>"; };
		29C7910310027A8E00EA28CC /* GlintCompassView.h */ = {isa = PBXFileReference; fileEncoding = 4; lastKnownFileType = sourcecode.c.h; path = GlintCompassView.h; sourceTree = "<group>"; };
		29C7910410027A8E00EA28CC /* GlintCompassView.m */ = {isa = PBXFileReference; fileEncoding = 4; lastKnownFileType = sourcecode.c.objc; path = GlintCompassView.m; sourceTree = "<group>"; };
		29CE3C9310079BAD00AEC5A4 /* GlintGPXWriter.h */ = {isa = PBXFileReference; fileEncoding = 4; lastKnownFileType = sourcecode.c.h; path = GlintGPXWriter.h; sourceTree = "<group>"; };
		29CE3C9410079BAD00AEC5A4 /* GlintGPXWriter.m */ = {isa = PBXFileReference; fileEncoding = 4; lastKnownFileType = sourcecode.c.objc; path = GlintGPXWriter.m; sourceTree = "<group>"; };
		29FE31DD0FF4359D00E9FE05 /* Basso.aiff */ = {isa = PBXFileReference; lastKnownFileType = audio.aiff; name = Basso.aiff; path = Resources/Basso.aiff; sourceTree = "<group>"; };
		29FE31DF0FF4359D00E9FE05 /* green-sphere.png */ = {isa = PBXFileReference; lastKnownFileType = image.png; name = "green-sphere.png"; path = "Resources/green-sphere.png"; sourceTree = "<group>"; };
		29FE31E00FF4359D00E9FE05 /* Purr.aiff */ = {isa = PBXFileReference; lastKnownFileType = audio.aiff; name = Purr.aiff; path = Resources/Purr.aiff; sourceTree = "<group>"; };
		29FE31E10FF4359D00E9FE05 /* red-sphere.png */ = {isa = PBXFileReference; lastKnownFileType = image.png; name = "red-sphere.png"; path = "Resources/red-sphere.png"; sourceTree = "<group>"; };
		29FE31E20FF4359D00E9FE05 /* yellow-sphere.png */ = {isa = PBXFileReference; lastKnownFileType = image.png; name = "yellow-sphere.png"; path = "Resources/yellow-sphere.png"; sourceTree = "<group>"; };
		29FE31E90FF435DB00E9FE05 /* JBSoundEffect.h */ = {isa = PBXFileReference; fileEncoding = 4; lastKnownFileType = sourcecode.c.h; path = JBSoundEffect.h; sourceTree = "<group>"; };
		29FE31EA0FF435DB00E9FE05 /* JBSoundEffect.m */ = {isa = PBXFileReference; fileEncoding = 4; lastKnownFileType = sourcecode.c.objc; path = JBSoundEffect.m; sourceTree = "<group>"; };
		29FE32100FF436AC00E9FE05 /* Settings.bundle */ = {isa = PBXFileReference; lastKnownFileType = "wrapper.plug-in"; path = Settings.bundle; sourceTree = "<group>"; };
		29FE32170FF436EF00E9FE05 /* AudioToolbox.framework */ = {isa = PBXFileReference; lastKnownFileType = wrapper.framework; name = AudioToolbox.framework; path = System/Library/Frameworks/AudioToolbox.framework; sourceTree = SDKROOT; };
		29FE32270FF4370200E9FE05 /* CoreLocation.framework */ = {isa = PBXFileReference; lastKnownFileType = wrapper.framework; name = CoreLocation.framework; path = System/Library/Frameworks/CoreLocation.framework; sourceTree = SDKROOT; };
		32CA4F630368D1EE00C91783 /* Glint_Prefix.pch */ = {isa = PBXFileReference; fileEncoding = 4; lastKnownFileType = sourcecode.c.h; path = Glint_Prefix.pch; sourceTree = "<group>"; };
		8D1107310486CEB800E47090 /* Glint-Info.plist */ = {isa = PBXFileReference; fileEncoding = 4; lastKnownFileType = text.plist.xml; path = "Glint-Info.plist"; plistStructureDefinitionIdentifier = "com.apple.xcode.plist.structure-definition.iphone.info-plist"; sourceTree = "<group>"; };
/* End PBXFileReference section */

/* Begin PBXFrameworksBuildPhase section */
		1D60588F0D05DD3D006BFB54 /* Frameworks */ = {
			isa = PBXFrameworksBuildPhase;
			buildActionMask = 2147483647;
			files = (
				1D60589F0D05DD5A006BFB54 /* Foundation.framework in Frameworks */,
				1DF5F4E00D08C38300B7A737 /* UIKit.framework in Frameworks */,
				288765A50DF7441C002DB57D /* CoreGraphics.framework in Frameworks */,
				29FE32180FF436EF00E9FE05 /* AudioToolbox.framework in Frameworks */,
				29FE32280FF4370200E9FE05 /* CoreLocation.framework in Frameworks */,
			);
			runOnlyForDeploymentPostprocessing = 0;
		};
/* End PBXFrameworksBuildPhase section */

/* Begin PBXGroup section */
		080E96DDFE201D6D7F000001 /* Classes */ = {
			isa = PBXGroup;
			children = (
				29FE31E90FF435DB00E9FE05 /* JBSoundEffect.h */,
				29FE31EA0FF435DB00E9FE05 /* JBSoundEffect.m */,
				1D3623240D0F684500981E51 /* GlintAppDelegate.h */,
				1D3623250D0F684500981E51 /* GlintAppDelegate.m */,
				28D7ACF60DDB3853001CB0EB /* GlintViewController.h */,
				28D7ACF70DDB3853001CB0EB /* GlintViewController.m */,
				29C7910310027A8E00EA28CC /* GlintCompassView.h */,
				29C7910410027A8E00EA28CC /* GlintCompassView.m */,
				29CE3C9310079BAD00AEC5A4 /* GlintGPXWriter.h */,
				29CE3C9410079BAD00AEC5A4 /* GlintGPXWriter.m */,
			);
			path = Classes;
			sourceTree = "<group>";
		};
		19C28FACFE9D520D11CA2CBB /* Products */ = {
			isa = PBXGroup;
			children = (
				1D6058910D05DD3D006BFB54 /* Glint.app */,
			);
			name = Products;
			sourceTree = "<group>";
		};
		29B97314FDCFA39411CA2CEA /* CustomTemplate */ = {
			isa = PBXGroup;
			children = (
				080E96DDFE201D6D7F000001 /* Classes */,
				29B97315FDCFA39411CA2CEA /* Other Sources */,
				29B97317FDCFA39411CA2CEA /* Resources */,
				29B97323FDCFA39411CA2CEA /* Frameworks */,
				19C28FACFE9D520D11CA2CBB /* Products */,
			);
			name = CustomTemplate;
			sourceTree = "<group>";
		};
		29B97315FDCFA39411CA2CEA /* Other Sources */ = {
			isa = PBXGroup;
			children = (
				32CA4F630368D1EE00C91783 /* Glint_Prefix.pch */,
				29B97316FDCFA39411CA2CEA /* main.m */,
				291C24D410011B7B0086EE86 /* unitsets.plist */,
			);
			name = "Other Sources";
			sourceTree = "<group>";
		};
		29B97317FDCFA39411CA2CEA /* Resources */ = {
			isa = PBXGroup;
			children = (
				29874F990FF776EB0080E20D /* Icon.png */,
				29FE32100FF436AC00E9FE05 /* Settings.bundle */,
				29FE31DD0FF4359D00E9FE05 /* Basso.aiff */,
				29FE31DF0FF4359D00E9FE05 /* green-sphere.png */,
				29FE31E00FF4359D00E9FE05 /* Purr.aiff */,
				29FE31E10FF4359D00E9FE05 /* red-sphere.png */,
				29FE31E20FF4359D00E9FE05 /* yellow-sphere.png */,
				2899E5210DE3E06400AC0155 /* GlintViewController.xib */,
				28AD733E0D9D9553002E5188 /* MainWindow.xib */,
				8D1107310486CEB800E47090 /* Glint-Info.plist */,
			);
			name = Resources;
			sourceTree = "<group>";
		};
		29B97323FDCFA39411CA2CEA /* Frameworks */ = {
			isa = PBXGroup;
			children = (
				29FE32170FF436EF00E9FE05 /* AudioToolbox.framework */,
				1DF5F4DF0D08C38300B7A737 /* UIKit.framework */,
				1D30AB110D05D00D00671497 /* Foundation.framework */,
				288765A40DF7441C002DB57D /* CoreGraphics.framework */,
				29FE32270FF4370200E9FE05 /* CoreLocation.framework */,
			);
			name = Frameworks;
			sourceTree = "<group>";
		};
/* End PBXGroup section */

/* Begin PBXNativeTarget section */
		1D6058900D05DD3D006BFB54 /* Glint */ = {
			isa = PBXNativeTarget;
			buildConfigurationList = 1D6058960D05DD3E006BFB54 /* Build configuration list for PBXNativeTarget "Glint" */;
			buildPhases = (
				1D60588D0D05DD3D006BFB54 /* Resources */,
				1D60588E0D05DD3D006BFB54 /* Sources */,
				1D60588F0D05DD3D006BFB54 /* Frameworks */,
			);
			buildRules = (
			);
			dependencies = (
			);
			name = Glint;
			productName = Glint;
			productReference = 1D6058910D05DD3D006BFB54 /* Glint.app */;
			productType = "com.apple.product-type.application";
		};
/* End PBXNativeTarget section */

/* Begin PBXProject section */
		29B97313FDCFA39411CA2CEA /* Project object */ = {
			isa = PBXProject;
			buildConfigurationList = C01FCF4E08A954540054247B /* Build configuration list for PBXProject "Glint" */;
			compatibilityVersion = "Xcode 3.1";
			hasScannedForEncodings = 1;
			mainGroup = 29B97314FDCFA39411CA2CEA /* CustomTemplate */;
			projectDirPath = "";
			projectRoot = "";
			targets = (
				1D6058900D05DD3D006BFB54 /* Glint */,
			);
		};
/* End PBXProject section */

/* Begin PBXResourcesBuildPhase section */
		1D60588D0D05DD3D006BFB54 /* Resources */ = {
			isa = PBXResourcesBuildPhase;
			buildActionMask = 2147483647;
			files = (
				28AD733F0D9D9553002E5188 /* MainWindow.xib in Resources */,
				2899E5220DE3E06400AC0155 /* GlintViewController.xib in Resources */,
				29FE31E30FF4359D00E9FE05 /* Basso.aiff in Resources */,
				29FE31E50FF4359D00E9FE05 /* green-sphere.png in Resources */,
				29FE31E60FF4359D00E9FE05 /* Purr.aiff in Resources */,
				29FE31E70FF4359D00E9FE05 /* red-sphere.png in Resources */,
				29FE31E80FF4359D00E9FE05 /* yellow-sphere.png in Resources */,
				29FE32110FF436AC00E9FE05 /* Settings.bundle in Resources */,
				29874F9A0FF776EB0080E20D /* Icon.png in Resources */,
				291C24D510011B7B0086EE86 /* unitsets.plist in Resources */,
			);
			runOnlyForDeploymentPostprocessing = 0;
		};
/* End PBXResourcesBuildPhase section */

/* Begin PBXSourcesBuildPhase section */
		1D60588E0D05DD3D006BFB54 /* Sources */ = {
			isa = PBXSourcesBuildPhase;
			buildActionMask = 2147483647;
			files = (
				1D60589B0D05DD56006BFB54 /* main.m in Sources */,
				1D3623260D0F684500981E51 /* GlintAppDelegate.m in Sources */,
				28D7ACF80DDB3853001CB0EB /* GlintViewController.m in Sources */,
				29FE31EB0FF435DB00E9FE05 /* JBSoundEffect.m in Sources */,
				29C7910510027A8E00EA28CC /* GlintCompassView.m in Sources */,
				29CE3C9510079BAD00AEC5A4 /* GlintGPXWriter.m in Sources */,
			);
			runOnlyForDeploymentPostprocessing = 0;
		};
/* End PBXSourcesBuildPhase section */

/* Begin XCBuildConfiguration section */
		1D6058940D05DD3E006BFB54 /* Debug */ = {
			isa = XCBuildConfiguration;
			buildSettings = {
				ALWAYS_SEARCH_USER_PATHS = NO;
				COPY_PHASE_STRIP = NO;
				GCC_DYNAMIC_NO_PIC = NO;
				GCC_OPTIMIZATION_LEVEL = 0;
				GCC_PRECOMPILE_PREFIX_HEADER = YES;
				GCC_PREFIX_HEADER = Glint_Prefix.pch;
				INFOPLIST_FILE = "Glint-Info.plist";
				PRODUCT_NAME = Glint;
			};
			name = Debug;
		};
		1D6058950D05DD3E006BFB54 /* Release */ = {
			isa = XCBuildConfiguration;
			buildSettings = {
				ALWAYS_SEARCH_USER_PATHS = NO;
				COPY_PHASE_STRIP = YES;
				GCC_PRECOMPILE_PREFIX_HEADER = YES;
				GCC_PREFIX_HEADER = Glint_Prefix.pch;
				INFOPLIST_FILE = "Glint-Info.plist";
				PRODUCT_NAME = Glint;
			};
			name = Release;
		};
		C01FCF4F08A954540054247B /* Debug */ = {
			isa = XCBuildConfiguration;
			buildSettings = {
				ARCHS = "$(ARCHS_STANDARD_32_BIT)";
				"CODE_SIGN_IDENTITY[sdk=iphoneos*]" = "iPhone Developer";
				CURRENT_PROJECT_VERSION = 7;
				GCC_C_LANGUAGE_STANDARD = c99;
				GCC_WARN_ABOUT_RETURN_TYPE = YES;
				GCC_WARN_UNUSED_VARIABLE = YES;
				PREBINDING = NO;
				SDKROOT = iphoneos3.0;
				VERSIONING_SYSTEM = "apple-generic";
			};
			name = Debug;
		};
		C01FCF5008A954540054247B /* Release */ = {
			isa = XCBuildConfiguration;
			buildSettings = {
				ARCHS = "$(ARCHS_STANDARD_32_BIT)";
				"CODE_SIGN_IDENTITY[sdk=iphoneos*]" = "iPhone Developer";
				CURRENT_PROJECT_VERSION = 7;
				GCC_C_LANGUAGE_STANDARD = c99;
				GCC_WARN_ABOUT_RETURN_TYPE = YES;
				GCC_WARN_UNUSED_VARIABLE = YES;
				PREBINDING = NO;
				SDKROOT = iphoneos3.0;
				VERSIONING_SYSTEM = "apple-generic";
			};
			name = Release;
		};
/* End XCBuildConfiguration section */

/* Begin XCConfigurationList section */
		1D6058960D05DD3E006BFB54 /* Build configuration list for PBXNativeTarget "Glint" */ = {
			isa = XCConfigurationList;
			buildConfigurations = (
				1D6058940D05DD3E006BFB54 /* Debug */,
				1D6058950D05DD3E006BFB54 /* Release */,
			);
			defaultConfigurationIsVisible = 0;
			defaultConfigurationName = Release;
		};
		C01FCF4E08A954540054247B /* Build configuration list for PBXProject "Glint" */ = {
			isa = XCConfigurationList;
			buildConfigurations = (
				C01FCF4F08A954540054247B /* Debug */,
				C01FCF5008A954540054247B /* Release */,
			);
			defaultConfigurationIsVisible = 0;
			defaultConfigurationName = Release;
		};
/* End XCConfigurationList section */
	};
	rootObject = 29B97313FDCFA39411CA2CEA /* Project object */;
}
