// !$*UTF8*$!
{
	archiveVersion = 1;
	classes = {
	};
	objectVersion = 45;
	objects = {

/* Begin PBXBuildFile section */
		1D3623260D0F684500981E51 /* GlintAppDelegate.m in Sources */ = {isa = PBXBuildFile; fileRef = 1D3623250D0F684500981E51 /* GlintAppDelegate.m */; };
		1D60589B0D05DD56006BFB54 /* main.m in Sources */ = {isa = PBXBuildFile; fileRef = 29B97316FDCFA39411CA2CEA /* main.m */; };
		1D60589F0D05DD5A006BFB54 /* Foundation.framework in Frameworks */ = {isa = PBXBuildFile; fileRef = 1D30AB110D05D00D00671497 /* Foundation.framework */; };
		1DF5F4E00D08C38300B7A737 /* UIKit.framework in Frameworks */ = {isa = PBXBuildFile; fileRef = 1DF5F4DF0D08C38300B7A737 /* UIKit.framework */; };
		288765A50DF7441C002DB57D /* CoreGraphics.framework in Frameworks */ = {isa = PBXBuildFile; fileRef = 288765A40DF7441C002DB57D /* CoreGraphics.framework */; };
		28AD733F0D9D9553002E5188 /* MainWindow.xib in Resources */ = {isa = PBXBuildFile; fileRef = 28AD733E0D9D9553002E5188 /* MainWindow.xib */; };
		28D7ACF80DDB3853001CB0EB /* MainScreenViewController.m in Sources */ = {isa = PBXBuildFile; fileRef = 28D7ACF70DDB3853001CB0EB /* MainScreenViewController.m */; };
		2913DBEB1024FD6B00F56A2A /* FileDetailViewController.m in Sources */ = {isa = PBXBuildFile; fileRef = 2913DBE91024FD6B00F56A2A /* FileDetailViewController.m */; };
		2913DBEC1024FD6B00F56A2A /* FileDetailViewController.xib in Resources */ = {isa = PBXBuildFile; fileRef = 2913DBEA1024FD6B00F56A2A /* FileDetailViewController.xib */; };
		2913DE2010260A9F00F56A2A /* FilesViewController.xib in Resources */ = {isa = PBXBuildFile; fileRef = 2913DE1F10260A9F00F56A2A /* FilesViewController.xib */; };
		291C0DCF101E23C500393E77 /* TestCases.m in Sources */ = {isa = PBXBuildFile; fileRef = 291C0DCE101E23C500393E77 /* TestCases.m */; };
		291C0DDC101E260900393E77 /* JBGPXReader.m in Sources */ = {isa = PBXBuildFile; fileRef = 29886676101C96320051F368 /* JBGPXReader.m */; };
		291C0DDE101E260900393E77 /* JBGPXWriter.m in Sources */ = {isa = PBXBuildFile; fileRef = 29886678101C96320051F368 /* JBGPXWriter.m */; };
		291C0DE0101E260900393E77 /* JBLocationMath.m in Sources */ = {isa = PBXBuildFile; fileRef = 2988667A101C96320051F368 /* JBLocationMath.m */; };
		291C0DE6101E265800393E77 /* CoreLocation.framework in Frameworks */ = {isa = PBXBuildFile; fileRef = 29FE32270FF4370200E9FE05 /* CoreLocation.framework */; };
		296729CF101CC745001BBEDF /* MessageUI.framework in Frameworks */ = {isa = PBXBuildFile; fileRef = 296729CE101CC745001BBEDF /* MessageUI.framework */; };
		2974372C101C617F00DDBB6A /* reference.gpx in Resources */ = {isa = PBXBuildFile; fileRef = 2974372B101C617F00DDBB6A /* reference.gpx */; };
		2974387E101C727800DDBB6A /* Default.png in Resources */ = {isa = PBXBuildFile; fileRef = 2974387D101C727800DDBB6A /* Default.png */; };
		29760DE0102F125F00EE89CB /* SlideView.m in Sources */ = {isa = PBXBuildFile; fileRef = 29760DDF102F125F00EE89CB /* SlideView.m */; };
		29874F9A0FF776EB0080E20D /* Icon.png in Resources */ = {isa = PBXBuildFile; fileRef = 29874F990FF776EB0080E20D /* Icon.png */; };
		2988667D101C96320051F368 /* JBGPXReader.m in Sources */ = {isa = PBXBuildFile; fileRef = 29886676101C96320051F368 /* JBGPXReader.m */; };
		2988667E101C96320051F368 /* JBGPXWriter.m in Sources */ = {isa = PBXBuildFile; fileRef = 29886678101C96320051F368 /* JBGPXWriter.m */; };
		2988667F101C96320051F368 /* JBLocationMath.m in Sources */ = {isa = PBXBuildFile; fileRef = 2988667A101C96320051F368 /* JBLocationMath.m */; };
		29886680101C96320051F368 /* JBSoundEffect.m in Sources */ = {isa = PBXBuildFile; fileRef = 2988667C101C96320051F368 /* JBSoundEffect.m */; };
		2988668C101C96880051F368 /* unitsets.plist in Resources */ = {isa = PBXBuildFile; fileRef = 2988668B101C96880051F368 /* unitsets.plist */; };
		29BA74A3102328F500262650 /* JBGradientLabel.m in Sources */ = {isa = PBXBuildFile; fileRef = 297A05B0102328BE0031D57B /* JBGradientLabel.m */; };
		29C7910510027A8E00EA28CC /* CompassView.m in Sources */ = {isa = PBXBuildFile; fileRef = 29C7910410027A8E00EA28CC /* CompassView.m */; };
		29C9A4F51011E9CA004CCBDD /* MainScreenViewController.xib in Resources */ = {isa = PBXBuildFile; fileRef = 29C9A4F41011E9CA004CCBDD /* MainScreenViewController.xib */; };
		29CD7111100FB8B4001150A1 /* CFNetwork.framework in Frameworks */ = {isa = PBXBuildFile; fileRef = 29CD7110100FB8B4001150A1 /* CFNetwork.framework */; };
		29CD711F100FB9F2001150A1 /* FilesViewController.m in Sources */ = {isa = PBXBuildFile; fileRef = 29CD711D100FB9F2001150A1 /* FilesViewController.m */; };
		29D191951011E2DA00B9E8CF /* Localizable.strings in Resources */ = {isa = PBXBuildFile; fileRef = 29D191931011E2DA00B9E8CF /* Localizable.strings */; };
		29D8BFD7101E51C1006C7865 /* reference.gpx in Resources */ = {isa = PBXBuildFile; fileRef = 2974372B101C617F00DDBB6A /* reference.gpx */; };
		29FE31E30FF4359D00E9FE05 /* Basso.aiff in Resources */ = {isa = PBXBuildFile; fileRef = 29FE31DD0FF4359D00E9FE05 /* Basso.aiff */; };
		29FE31E60FF4359D00E9FE05 /* Purr.aiff in Resources */ = {isa = PBXBuildFile; fileRef = 29FE31E00FF4359D00E9FE05 /* Purr.aiff */; };
		29FE32110FF436AC00E9FE05 /* Settings.bundle in Resources */ = {isa = PBXBuildFile; fileRef = 29FE32100FF436AC00E9FE05 /* Settings.bundle */; };
		29FE32180FF436EF00E9FE05 /* AudioToolbox.framework in Frameworks */ = {isa = PBXBuildFile; fileRef = 29FE32170FF436EF00E9FE05 /* AudioToolbox.framework */; };
		29FE32280FF4370200E9FE05 /* CoreLocation.framework in Frameworks */ = {isa = PBXBuildFile; fileRef = 29FE32270FF4370200E9FE05 /* CoreLocation.framework */; };
/* End PBXBuildFile section */

/* Begin PBXContainerItemProxy section */
		291C0E4A101E2C0700393E77 /* PBXContainerItemProxy */ = {
			isa = PBXContainerItemProxy;
			containerPortal = 29B97313FDCFA39411CA2CEA /* Project object */;
			proxyType = 1;
			remoteGlobalIDString = 291C0DB5101E22F600393E77;
			remoteInfo = Tests;
		};
/* End PBXContainerItemProxy section */

/* Begin PBXFileReference section */
		1D30AB110D05D00D00671497 /* Foundation.framework */ = {isa = PBXFileReference; lastKnownFileType = wrapper.framework; name = Foundation.framework; path = System/Library/Frameworks/Foundation.framework; sourceTree = SDKROOT; };
		1D3623240D0F684500981E51 /* GlintAppDelegate.h */ = {isa = PBXFileReference; fileEncoding = 4; lastKnownFileType = sourcecode.c.h; path = GlintAppDelegate.h; sourceTree = "<group>"; };
		1D3623250D0F684500981E51 /* GlintAppDelegate.m */ = {isa = PBXFileReference; fileEncoding = 4; lastKnownFileType = sourcecode.c.objc; path = GlintAppDelegate.m; sourceTree = "<group>"; };
		1D6058910D05DD3D006BFB54 /* Glint.app */ = {isa = PBXFileReference; explicitFileType = wrapper.application; includeInIndex = 0; path = Glint.app; sourceTree = BUILT_PRODUCTS_DIR; };
		1DF5F4DF0D08C38300B7A737 /* UIKit.framework */ = {isa = PBXFileReference; lastKnownFileType = wrapper.framework; name = UIKit.framework; path = System/Library/Frameworks/UIKit.framework; sourceTree = SDKROOT; };
		288765A40DF7441C002DB57D /* CoreGraphics.framework */ = {isa = PBXFileReference; lastKnownFileType = wrapper.framework; name = CoreGraphics.framework; path = System/Library/Frameworks/CoreGraphics.framework; sourceTree = SDKROOT; };
		28AD733E0D9D9553002E5188 /* MainWindow.xib */ = {isa = PBXFileReference; lastKnownFileType = file.xib; name = MainWindow.xib; path = Resources/MainWindow.xib; sourceTree = "<group>"; };
		28D7ACF60DDB3853001CB0EB /* MainScreenViewController.h */ = {isa = PBXFileReference; fileEncoding = 4; lastKnownFileType = sourcecode.c.h; path = MainScreenViewController.h; sourceTree = "<group>"; };
		28D7ACF70DDB3853001CB0EB /* MainScreenViewController.m */ = {isa = PBXFileReference; fileEncoding = 4; lastKnownFileType = sourcecode.c.objc; path = MainScreenViewController.m; sourceTree = "<group>"; };
		2913DBE81024FD6B00F56A2A /* FileDetailViewController.h */ = {isa = PBXFileReference; fileEncoding = 4; lastKnownFileType = sourcecode.c.h; path = FileDetailViewController.h; sourceTree = "<group>"; };
		2913DBE91024FD6B00F56A2A /* FileDetailViewController.m */ = {isa = PBXFileReference; fileEncoding = 4; lastKnownFileType = sourcecode.c.objc; path = FileDetailViewController.m; sourceTree = "<group>"; };
		2913DBEA1024FD6B00F56A2A /* FileDetailViewController.xib */ = {isa = PBXFileReference; lastKnownFileType = file.xib; name = FileDetailViewController.xib; path = Resources/FileDetailViewController.xib; sourceTree = "<group>"; };
		2913DE1F10260A9F00F56A2A /* FilesViewController.xib */ = {isa = PBXFileReference; lastKnownFileType = file.xib; name = FilesViewController.xib; path = Resources/FilesViewController.xib; sourceTree = "<group>"; };
		291C0D84101E206800393E77 /* Tests-Info.plist */ = {isa = PBXFileReference; lastKnownFileType = text.plist.xml; path = "Tests-Info.plist"; sourceTree = "<group>"; };
		291C0DB6101E22F600393E77 /* Tests.octest */ = {isa = PBXFileReference; explicitFileType = wrapper.cfbundle; includeInIndex = 0; path = Tests.octest; sourceTree = BUILT_PRODUCTS_DIR; };
		291C0DCD101E23C500393E77 /* TestCases.h */ = {isa = PBXFileReference; fileEncoding = 4; lastKnownFileType = sourcecode.c.h; name = TestCases.h; path = Tests/TestCases.h; sourceTree = "<group>"; };
		291C0DCE101E23C500393E77 /* TestCases.m */ = {isa = PBXFileReference; fileEncoding = 4; lastKnownFileType = sourcecode.c.objc; name = TestCases.m; path = Tests/TestCases.m; sourceTree = "<group>"; };
		296729CE101CC745001BBEDF /* MessageUI.framework */ = {isa = PBXFileReference; lastKnownFileType = wrapper.framework; name = MessageUI.framework; path = System/Library/Frameworks/MessageUI.framework; sourceTree = SDKROOT; };
		2974372B101C617F00DDBB6A /* reference.gpx */ = {isa = PBXFileReference; fileEncoding = 4; lastKnownFileType = text.xml; name = reference.gpx; path = Resources/reference.gpx; sourceTree = "<group>"; };
		2974387D101C727800DDBB6A /* Default.png */ = {isa = PBXFileReference; lastKnownFileType = image.png; path = Default.png; sourceTree = "<group>"; };
		29760DDE102F125F00EE89CB /* SlideView.h */ = {isa = PBXFileReference; fileEncoding = 4; lastKnownFileType = sourcecode.c.h; path = SlideView.h; sourceTree = "<group>"; };
		29760DDF102F125F00EE89CB /* SlideView.m */ = {isa = PBXFileReference; fileEncoding = 4; lastKnownFileType = sourcecode.c.objc; path = SlideView.m; sourceTree = "<group>"; };
		297A05AF102328BE0031D57B /* JBGradientLabel.h */ = {isa = PBXFileReference; fileEncoding = 4; lastKnownFileType = sourcecode.c.h; name = JBGradientLabel.h; path = SharedCode/JBGradientLabel.h; sourceTree = "<group>"; };
		297A05B0102328BE0031D57B /* JBGradientLabel.m */ = {isa = PBXFileReference; fileEncoding = 4; lastKnownFileType = sourcecode.c.objc; name = JBGradientLabel.m; path = SharedCode/JBGradientLabel.m; sourceTree = "<group>"; };
		29874F990FF776EB0080E20D /* Icon.png */ = {isa = PBXFileReference; lastKnownFileType = image.png; path = Icon.png; sourceTree = "<group>"; };
		29886675101C96320051F368 /* JBGPXReader.h */ = {isa = PBXFileReference; fileEncoding = 4; lastKnownFileType = sourcecode.c.h; name = JBGPXReader.h; path = SharedCode/JBGPXReader.h; sourceTree = "<group>"; };
		29886676101C96320051F368 /* JBGPXReader.m */ = {isa = PBXFileReference; fileEncoding = 4; lastKnownFileType = sourcecode.c.objc; name = JBGPXReader.m; path = SharedCode/JBGPXReader.m; sourceTree = "<group>"; };
		29886677101C96320051F368 /* JBGPXWriter.h */ = {isa = PBXFileReference; fileEncoding = 4; lastKnownFileType = sourcecode.c.h; name = JBGPXWriter.h; path = SharedCode/JBGPXWriter.h; sourceTree = "<group>"; };
		29886678101C96320051F368 /* JBGPXWriter.m */ = {isa = PBXFileReference; fileEncoding = 4; lastKnownFileType = sourcecode.c.objc; name = JBGPXWriter.m; path = SharedCode/JBGPXWriter.m; sourceTree = "<group>"; };
		29886679101C96320051F368 /* JBLocationMath.h */ = {isa = PBXFileReference; fileEncoding = 4; lastKnownFileType = sourcecode.c.h; name = JBLocationMath.h; path = SharedCode/JBLocationMath.h; sourceTree = "<group>"; };
		2988667A101C96320051F368 /* JBLocationMath.m */ = {isa = PBXFileReference; fileEncoding = 4; lastKnownFileType = sourcecode.c.objc; name = JBLocationMath.m; path = SharedCode/JBLocationMath.m; sourceTree = "<group>"; };
		2988667B101C96320051F368 /* JBSoundEffect.h */ = {isa = PBXFileReference; fileEncoding = 4; lastKnownFileType = sourcecode.c.h; name = JBSoundEffect.h; path = SharedCode/JBSoundEffect.h; sourceTree = "<group>"; };
		2988667C101C96320051F368 /* JBSoundEffect.m */ = {isa = PBXFileReference; fileEncoding = 4; lastKnownFileType = sourcecode.c.objc; name = JBSoundEffect.m; path = SharedCode/JBSoundEffect.m; sourceTree = "<group>"; };
		2988668B101C96880051F368 /* unitsets.plist */ = {isa = PBXFileReference; fileEncoding = 4; lastKnownFileType = text.plist.xml; name = unitsets.plist; path = Resources/unitsets.plist; sourceTree = "<group>"; };
		29B97316FDCFA39411CA2CEA /* main.m */ = {isa = PBXFileReference; fileEncoding = 4; lastKnownFileType = sourcecode.c.objc; path = main.m; sourceTree = "<group>"; };
		29C7910310027A8E00EA28CC /* CompassView.h */ = {isa = PBXFileReference; fileEncoding = 4; lastKnownFileType = sourcecode.c.h; path = CompassView.h; sourceTree = "<group>"; };
		29C7910410027A8E00EA28CC /* CompassView.m */ = {isa = PBXFileReference; fileEncoding = 4; lastKnownFileType = sourcecode.c.objc; path = CompassView.m; sourceTree = "<group>"; };
		29C9A4F41011E9CA004CCBDD /* MainScreenViewController.xib */ = {isa = PBXFileReference; lastKnownFileType = file.xib; name = MainScreenViewController.xib; path = Resources/MainScreenViewController.xib; sourceTree = "<group>"; };
		29CD7110100FB8B4001150A1 /* CFNetwork.framework */ = {isa = PBXFileReference; lastKnownFileType = wrapper.framework; name = CFNetwork.framework; path = System/Library/Frameworks/CFNetwork.framework; sourceTree = SDKROOT; };
		29CD711C100FB9F2001150A1 /* FilesViewController.h */ = {isa = PBXFileReference; fileEncoding = 4; lastKnownFileType = sourcecode.c.h; path = FilesViewController.h; sourceTree = "<group>"; };
		29CD711D100FB9F2001150A1 /* FilesViewController.m */ = {isa = PBXFileReference; fileEncoding = 4; lastKnownFileType = sourcecode.c.objc; path = FilesViewController.m; sourceTree = "<group>"; };
		29D191941011E2DA00B9E8CF /* en */ = {isa = PBXFileReference; fileEncoding = 10; lastKnownFileType = text.plist.strings; name = en; path = en.lproj/Localizable.strings; sourceTree = "<group>"; };
		29D191981011E31600B9E8CF /* sv */ = {isa = PBXFileReference; lastKnownFileType = text.plist.strings; name = sv; path = sv.lproj/Localizable.strings; sourceTree = "<group>"; };
		29FE31DD0FF4359D00E9FE05 /* Basso.aiff */ = {isa = PBXFileReference; lastKnownFileType = audio.aiff; name = Basso.aiff; path = Resources/Basso.aiff; sourceTree = "<group>"; };
		29FE31E00FF4359D00E9FE05 /* Purr.aiff */ = {isa = PBXFileReference; lastKnownFileType = audio.aiff; name = Purr.aiff; path = Resources/Purr.aiff; sourceTree = "<group>"; };
		29FE32100FF436AC00E9FE05 /* Settings.bundle */ = {isa = PBXFileReference; lastKnownFileType = "wrapper.plug-in"; path = Settings.bundle; sourceTree = "<group>"; };
		29FE32170FF436EF00E9FE05 /* AudioToolbox.framework */ = {isa = PBXFileReference; lastKnownFileType = wrapper.framework; name = AudioToolbox.framework; path = System/Library/Frameworks/AudioToolbox.framework; sourceTree = SDKROOT; };
		29FE32270FF4370200E9FE05 /* CoreLocation.framework */ = {isa = PBXFileReference; lastKnownFileType = wrapper.framework; name = CoreLocation.framework; path = System/Library/Frameworks/CoreLocation.framework; sourceTree = SDKROOT; };
		32CA4F630368D1EE00C91783 /* Glint_Prefix.pch */ = {isa = PBXFileReference; fileEncoding = 4; lastKnownFileType = sourcecode.c.h; path = Glint_Prefix.pch; sourceTree = "<group>"; };
		8D1107310486CEB800E47090 /* Glint-Info.plist */ = {isa = PBXFileReference; fileEncoding = 4; lastKnownFileType = text.plist.xml; path = "Glint-Info.plist"; plistStructureDefinitionIdentifier = "com.apple.xcode.plist.structure-definition.iphone.info-plist"; sourceTree = "<group>"; };
/* End PBXFileReference section */

/* Begin PBXFrameworksBuildPhase section */
		1D60588F0D05DD3D006BFB54 /* Frameworks */ = {
			isa = PBXFrameworksBuildPhase;
			buildActionMask = 2147483647;
			files = (
				1D60589F0D05DD5A006BFB54 /* Foundation.framework in Frameworks */,
				1DF5F4E00D08C38300B7A737 /* UIKit.framework in Frameworks */,
				288765A50DF7441C002DB57D /* CoreGraphics.framework in Frameworks */,
				29FE32180FF436EF00E9FE05 /* AudioToolbox.framework in Frameworks */,
				29FE32280FF4370200E9FE05 /* CoreLocation.framework in Frameworks */,
				29CD7111100FB8B4001150A1 /* CFNetwork.framework in Frameworks */,
				296729CF101CC745001BBEDF /* MessageUI.framework in Frameworks */,
			);
			runOnlyForDeploymentPostprocessing = 0;
		};
		291C0DB3101E22F600393E77 /* Frameworks */ = {
			isa = PBXFrameworksBuildPhase;
			buildActionMask = 2147483647;
			files = (
				291C0DE6101E265800393E77 /* CoreLocation.framework in Frameworks */,
			);
			runOnlyForDeploymentPostprocessing = 0;
		};
/* End PBXFrameworksBuildPhase section */

/* Begin PBXGroup section */
		080E96DDFE201D6D7F000001 /* Classes */ = {
			isa = PBXGroup;
			children = (
				1D3623240D0F684500981E51 /* GlintAppDelegate.h */,
				1D3623250D0F684500981E51 /* GlintAppDelegate.m */,
				28D7ACF60DDB3853001CB0EB /* MainScreenViewController.h */,
				28D7ACF70DDB3853001CB0EB /* MainScreenViewController.m */,
				29CD711C100FB9F2001150A1 /* FilesViewController.h */,
				29CD711D100FB9F2001150A1 /* FilesViewController.m */,
				29C7910310027A8E00EA28CC /* CompassView.h */,
				29C7910410027A8E00EA28CC /* CompassView.m */,
				2913DBE81024FD6B00F56A2A /* FileDetailViewController.h */,
				2913DBE91024FD6B00F56A2A /* FileDetailViewController.m */,
				29760DDE102F125F00EE89CB /* SlideView.h */,
				29760DDF102F125F00EE89CB /* SlideView.m */,
			);
			path = Classes;
			sourceTree = "<group>";
		};
		19C28FACFE9D520D11CA2CBB /* Products */ = {
			isa = PBXGroup;
			children = (
				1D6058910D05DD3D006BFB54 /* Glint.app */,
				291C0DB6101E22F600393E77 /* Tests.octest */,
			);
			name = Products;
			sourceTree = "<group>";
		};
		291C0DBD101E230C00393E77 /* Tests */ = {
			isa = PBXGroup;
			children = (
				291C0DCD101E23C500393E77 /* TestCases.h */,
				291C0DCE101E23C500393E77 /* TestCases.m */,
			);
			name = Tests;
			sourceTree = "<group>";
		};
		29886672101C95ED0051F368 /* Shared Code */ = {
			isa = PBXGroup;
			children = (
				297A05AF102328BE0031D57B /* JBGradientLabel.h */,
				297A05B0102328BE0031D57B /* JBGradientLabel.m */,
				29886675101C96320051F368 /* JBGPXReader.h */,
				29886676101C96320051F368 /* JBGPXReader.m */,
				29886677101C96320051F368 /* JBGPXWriter.h */,
				29886678101C96320051F368 /* JBGPXWriter.m */,
				29886679101C96320051F368 /* JBLocationMath.h */,
				2988667A101C96320051F368 /* JBLocationMath.m */,
				2988667B101C96320051F368 /* JBSoundEffect.h */,
				2988667C101C96320051F368 /* JBSoundEffect.m */,
			);
			name = "Shared Code";
			sourceTree = "<group>";
		};
		29B97314FDCFA39411CA2CEA /* CustomTemplate */ = {
			isa = PBXGroup;
			children = (
				291C0DBD101E230C00393E77 /* Tests */,
				29D191931011E2DA00B9E8CF /* Localizable.strings */,
				29886672101C95ED0051F368 /* Shared Code */,
				080E96DDFE201D6D7F000001 /* Classes */,
				29B97315FDCFA39411CA2CEA /* Other Sources */,
				29B97317FDCFA39411CA2CEA /* Resources */,
				29B97323FDCFA39411CA2CEA /* Frameworks */,
				19C28FACFE9D520D11CA2CBB /* Products */,
				291C0D84101E206800393E77 /* Tests-Info.plist */,
			);
			name = CustomTemplate;
			sourceTree = "<group>";
		};
		29B97315FDCFA39411CA2CEA /* Other Sources */ = {
			isa = PBXGroup;
			children = (
				32CA4F630368D1EE00C91783 /* Glint_Prefix.pch */,
				29B97316FDCFA39411CA2CEA /* main.m */,
			);
			name = "Other Sources";
			sourceTree = "<group>";
		};
		29B97317FDCFA39411CA2CEA /* Resources */ = {
			isa = PBXGroup;
			children = (
				29FE32100FF436AC00E9FE05 /* Settings.bundle */,
				8D1107310486CEB800E47090 /* Glint-Info.plist */,
				29874F990FF776EB0080E20D /* Icon.png */,
				29C9A4F41011E9CA004CCBDD /* MainScreenViewController.xib */,
				2913DE1F10260A9F00F56A2A /* FilesViewController.xib */,
				2913DBEA1024FD6B00F56A2A /* FileDetailViewController.xib */,
				28AD733E0D9D9553002E5188 /* MainWindow.xib */,
				29FE31DD0FF4359D00E9FE05 /* Basso.aiff */,
				29FE31E00FF4359D00E9FE05 /* Purr.aiff */,
				2974372B101C617F00DDBB6A /* reference.gpx */,
				2974387D101C727800DDBB6A /* Default.png */,
				2988668B101C96880051F368 /* unitsets.plist */,
			);
			name = Resources;
			sourceTree = "<group>";
		};
		29B97323FDCFA39411CA2CEA /* Frameworks */ = {
			isa = PBXGroup;
			children = (
				296729CE101CC745001BBEDF /* MessageUI.framework */,
				29CD7110100FB8B4001150A1 /* CFNetwork.framework */,
				29FE32170FF436EF00E9FE05 /* AudioToolbox.framework */,
				1DF5F4DF0D08C38300B7A737 /* UIKit.framework */,
				1D30AB110D05D00D00671497 /* Foundation.framework */,
				288765A40DF7441C002DB57D /* CoreGraphics.framework */,
				29FE32270FF4370200E9FE05 /* CoreLocation.framework */,
			);
			name = Frameworks;
			sourceTree = "<group>";
		};
/* End PBXGroup section */

/* Begin PBXNativeTarget section */
		1D6058900D05DD3D006BFB54 /* Glint */ = {
			isa = PBXNativeTarget;
			buildConfigurationList = 1D6058960D05DD3E006BFB54 /* Build configuration list for PBXNativeTarget "Glint" */;
			buildPhases = (
				1D60588D0D05DD3D006BFB54 /* Resources */,
				1D60588E0D05DD3D006BFB54 /* Sources */,
				1D60588F0D05DD3D006BFB54 /* Frameworks */,
			);
			buildRules = (
			);
			dependencies = (
				291C0E4B101E2C0700393E77 /* PBXTargetDependency */,
			);
			name = Glint;
			productName = Glint;
			productReference = 1D6058910D05DD3D006BFB54 /* Glint.app */;
			productType = "com.apple.product-type.application";
		};
		291C0DB5101E22F600393E77 /* Tests */ = {
			isa = PBXNativeTarget;
			buildConfigurationList = 291C0DBE101E230C00393E77 /* Build configuration list for PBXNativeTarget "Tests" */;
			buildPhases = (
				291C0DB1101E22F600393E77 /* Resources */,
				291C0DB2101E22F600393E77 /* Sources */,
				291C0DB3101E22F600393E77 /* Frameworks */,
				291C0DB4101E22F600393E77 /* ShellScript */,
			);
			buildRules = (
			);
			dependencies = (
			);
			name = Tests;
			productName = Tests;
			productReference = 291C0DB6101E22F600393E77 /* Tests.octest */;
			productType = "com.apple.product-type.bundle";
		};
/* End PBXNativeTarget section */

/* Begin PBXProject section */
		29B97313FDCFA39411CA2CEA /* Project object */ = {
			isa = PBXProject;
			buildConfigurationList = C01FCF4E08A954540054247B /* Build configuration list for PBXProject "Glint" */;
			compatibilityVersion = "Xcode 3.1";
			hasScannedForEncodings = 1;
			knownRegions = (
				English,
				Japanese,
				French,
				German,
				en,
				sv,
				se,
			);
			mainGroup = 29B97314FDCFA39411CA2CEA /* CustomTemplate */;
			projectDirPath = "";
			projectRoot = "";
			targets = (
				1D6058900D05DD3D006BFB54 /* Glint */,
				291C0DB5101E22F600393E77 /* Tests */,
			);
		};
/* End PBXProject section */

/* Begin PBXResourcesBuildPhase section */
		1D60588D0D05DD3D006BFB54 /* Resources */ = {
			isa = PBXResourcesBuildPhase;
			buildActionMask = 2147483647;
			files = (
				28AD733F0D9D9553002E5188 /* MainWindow.xib in Resources */,
				29FE31E30FF4359D00E9FE05 /* Basso.aiff in Resources */,
				29FE31E60FF4359D00E9FE05 /* Purr.aiff in Resources */,
				29FE32110FF436AC00E9FE05 /* Settings.bundle in Resources */,
				29874F9A0FF776EB0080E20D /* Icon.png in Resources */,
				29D191951011E2DA00B9E8CF /* Localizable.strings in Resources */,
				29C9A4F51011E9CA004CCBDD /* MainScreenViewController.xib in Resources */,
				2974372C101C617F00DDBB6A /* reference.gpx in Resources */,
				2974387E101C727800DDBB6A /* Default.png in Resources */,
				2988668C101C96880051F368 /* unitsets.plist in Resources */,
				2913DBEC1024FD6B00F56A2A /* FileDetailViewController.xib in Resources */,
				2913DE2010260A9F00F56A2A /* FilesViewController.xib in Resources */,
			);
			runOnlyForDeploymentPostprocessing = 0;
		};
		291C0DB1101E22F600393E77 /* Resources */ = {
			isa = PBXResourcesBuildPhase;
			buildActionMask = 2147483647;
			files = (
				29D8BFD7101E51C1006C7865 /* reference.gpx in Resources */,
			);
			runOnlyForDeploymentPostprocessing = 0;
		};
/* End PBXResourcesBuildPhase section */

/* Begin PBXShellScriptBuildPhase section */
		291C0DB4101E22F600393E77 /* ShellScript */ = {
			isa = PBXShellScriptBuildPhase;
			buildActionMask = 2147483647;
			files = (
			);
			inputPaths = (
			);
			outputPaths = (
			);
			runOnlyForDeploymentPostprocessing = 0;
			shellPath = /bin/sh;
			shellScript = "# Run the unit tests in this test bundle.\n\"${SYSTEM_DEVELOPER_DIR}/Tools/RunUnitTests\"\n";
		};
/* End PBXShellScriptBuildPhase section */

/* Begin PBXSourcesBuildPhase section */
		1D60588E0D05DD3D006BFB54 /* Sources */ = {
			isa = PBXSourcesBuildPhase;
			buildActionMask = 2147483647;
			files = (
				29BA74A3102328F500262650 /* JBGradientLabel.m in Sources */,
				1D60589B0D05DD56006BFB54 /* main.m in Sources */,
				1D3623260D0F684500981E51 /* GlintAppDelegate.m in Sources */,
				28D7ACF80DDB3853001CB0EB /* MainScreenViewController.m in Sources */,
				29C7910510027A8E00EA28CC /* CompassView.m in Sources */,
				29CD711F100FB9F2001150A1 /* FilesViewController.m in Sources */,
				2988667D101C96320051F368 /* JBGPXReader.m in Sources */,
				2988667E101C96320051F368 /* JBGPXWriter.m in Sources */,
				2988667F101C96320051F368 /* JBLocationMath.m in Sources */,
				29886680101C96320051F368 /* JBSoundEffect.m in Sources */,
				2913DBEB1024FD6B00F56A2A /* FileDetailViewController.m in Sources */,
				29760DE0102F125F00EE89CB /* SlideView.m in Sources */,
			);
			runOnlyForDeploymentPostprocessing = 0;
		};
		291C0DB2101E22F600393E77 /* Sources */ = {
			isa = PBXSourcesBuildPhase;
			buildActionMask = 2147483647;
			files = (
				291C0DDC101E260900393E77 /* JBGPXReader.m in Sources */,
				291C0DDE101E260900393E77 /* JBGPXWriter.m in Sources */,
				291C0DE0101E260900393E77 /* JBLocationMath.m in Sources */,
				291C0DCF101E23C500393E77 /* TestCases.m in Sources */,
			);
			runOnlyForDeploymentPostprocessing = 0;
		};
/* End PBXSourcesBuildPhase section */

/* Begin PBXTargetDependency section */
		291C0E4B101E2C0700393E77 /* PBXTargetDependency */ = {
			isa = PBXTargetDependency;
			target = 291C0DB5101E22F600393E77 /* Tests */;
			targetProxy = 291C0E4A101E2C0700393E77 /* PBXContainerItemProxy */;
		};
/* End PBXTargetDependency section */

/* Begin PBXVariantGroup section */
		29D191931011E2DA00B9E8CF /* Localizable.strings */ = {
			isa = PBXVariantGroup;
			children = (
				29D191941011E2DA00B9E8CF /* en */,
				29D191981011E31600B9E8CF /* sv */,
			);
			name = Localizable.strings;
			sourceTree = "<group>";
		};
/* End PBXVariantGroup section */

/* Begin XCBuildConfiguration section */
		1D6058940D05DD3E006BFB54 /* Debug */ = {
			isa = XCBuildConfiguration;
			buildSettings = {
				ALWAYS_SEARCH_USER_PATHS = NO;
				COPY_PHASE_STRIP = NO;
				GCC_DYNAMIC_NO_PIC = NO;
				GCC_OPTIMIZATION_LEVEL = 0;
				GCC_PRECOMPILE_PREFIX_HEADER = YES;
				GCC_PREFIX_HEADER = Glint_Prefix.pch;
				INFOPLIST_FILE = "Glint-Info.plist";
				PRODUCT_NAME = Glint;
			};
			name = Debug;
		};
		1D6058950D05DD3E006BFB54 /* Release */ = {
			isa = XCBuildConfiguration;
			buildSettings = {
				ALWAYS_SEARCH_USER_PATHS = NO;
				COPY_PHASE_STRIP = YES;
				GCC_PRECOMPILE_PREFIX_HEADER = YES;
				GCC_PREFIX_HEADER = Glint_Prefix.pch;
				INFOPLIST_FILE = "Glint-Info.plist";
				PRODUCT_NAME = Glint;
			};
			name = Release;
		};
		291C0DB7101E22F700393E77 /* Debug */ = {
			isa = XCBuildConfiguration;
			buildSettings = {
				ALWAYS_SEARCH_USER_PATHS = NO;
				COPY_PHASE_STRIP = NO;
				FRAMEWORK_SEARCH_PATHS = "$(DEVELOPER_LIBRARY_DIR)/Frameworks";
				GCC_DYNAMIC_NO_PIC = NO;
				GCC_ENABLE_FIX_AND_CONTINUE = NO;
				GCC_ENABLE_OBJC_EXCEPTIONS = YES;
				GCC_OPTIMIZATION_LEVEL = 0;
				INFOPLIST_FILE = "Tests-Info.plist";
				OTHER_LDFLAGS = (
					"-framework",
					Foundation,
					"-framework",
					SenTestingKit,
					"-framework",
					UIKit,
				);
				PREBINDING = NO;
				PRODUCT_NAME = Tests;
				WRAPPER_EXTENSION = octest;
			};
			name = Debug;
		};
		291C0DB8101E22F700393E77 /* Release */ = {
			isa = XCBuildConfiguration;
			buildSettings = {
				ALWAYS_SEARCH_USER_PATHS = NO;
				COPY_PHASE_STRIP = YES;
				DEBUG_INFORMATION_FORMAT = "dwarf-with-dsym";
				FRAMEWORK_SEARCH_PATHS = "$(DEVELOPER_LIBRARY_DIR)/Frameworks";
				GCC_ENABLE_FIX_AND_CONTINUE = NO;
				GCC_ENABLE_OBJC_EXCEPTIONS = YES;
				INFOPLIST_FILE = "Tests-Info.plist";
				OTHER_LDFLAGS = (
					"-framework",
					Foundation,
					"-framework",
					SenTestingKit,
					"-framework",
					UIKit,
				);
				PREBINDING = NO;
				PRODUCT_NAME = Tests;
				WRAPPER_EXTENSION = octest;
				ZERO_LINK = NO;
			};
			name = Release;
		};
		291C0DB9101E22F700393E77 /* Distribution */ = {
			isa = XCBuildConfiguration;
			buildSettings = {
				ALWAYS_SEARCH_USER_PATHS = NO;
				FRAMEWORK_SEARCH_PATHS = "$(DEVELOPER_LIBRARY_DIR)/Frameworks";
				GCC_ENABLE_FIX_AND_CONTINUE = NO;
				GCC_ENABLE_OBJC_EXCEPTIONS = YES;
				INFOPLIST_FILE = "Tests-Info.plist";
				OTHER_LDFLAGS = (
					"-framework",
					Foundation,
					"-framework",
					SenTestingKit,
					"-framework",
					UIKit,
				);
				PREBINDING = NO;
				PRODUCT_NAME = Tests;
				WRAPPER_EXTENSION = octest;
			};
			name = Distribution;
		};
		29FFE05B1013B8570091ACC8 /* Distribution */ = {
			isa = XCBuildConfiguration;
			buildSettings = {
				ARCHS = "$(ARCHS_STANDARD_32_BIT)";
				"CODE_SIGN_IDENTITY[sdk=iphoneos*]" = "iPhone Distribution";
				CURRENT_PROJECT_VERSION = 32;
				GCC_C_LANGUAGE_STANDARD = c99;
				GCC_WARN_ABOUT_RETURN_TYPE = YES;
				GCC_WARN_UNUSED_VARIABLE = YES;
				PREBINDING = NO;
				"PROVISIONING_PROFILE[sdk=iphoneos*]" = "";
				SDKROOT = iphoneos3.0;
				VERSIONING_SYSTEM = "apple-generic";
			};
			name = Distribution;
		};
		29FFE05C1013B8570091ACC8 /* Distribution */ = {
			isa = XCBuildConfiguration;
			buildSettings = {
				ALWAYS_SEARCH_USER_PATHS = NO;
				COPY_PHASE_STRIP = YES;
				GCC_PRECOMPILE_PREFIX_HEADER = YES;
				GCC_PREFIX_HEADER = Glint_Prefix.pch;
				INFOPLIST_FILE = "Glint-Info.plist";
				PRODUCT_NAME = Glint;
			};
			name = Distribution;
		};
		C01FCF4F08A954540054247B /* Debug */ = {
			isa = XCBuildConfiguration;
			buildSettings = {
				ARCHS = "$(ARCHS_STANDARD_32_BIT)";
				"CODE_SIGN_IDENTITY[sdk=iphoneos*]" = "iPhone Developer";
				CURRENT_PROJECT_VERSION = 32;
				GCC_C_LANGUAGE_STANDARD = c99;
				GCC_WARN_ABOUT_RETURN_TYPE = YES;
				GCC_WARN_UNUSED_VARIABLE = YES;
				PREBINDING = NO;
				"PROVISIONING_PROFILE[sdk=iphoneos*]" = "";
				SDKROOT = iphoneos3.0;
				VERSIONING_SYSTEM = "apple-generic";
			};
			name = Debug;
		};
		C01FCF5008A954540054247B /* Release */ = {
			isa = XCBuildConfiguration;
			buildSettings = {
				ARCHS = "$(ARCHS_STANDARD_32_BIT)";
				"CODE_SIGN_IDENTITY[sdk=iphoneos*]" = "iPhone Developer";
				CURRENT_PROJECT_VERSION = 32;
				GCC_C_LANGUAGE_STANDARD = c99;
				GCC_WARN_ABOUT_RETURN_TYPE = YES;
				GCC_WARN_UNUSED_VARIABLE = YES;
				PREBINDING = NO;
				"PROVISIONING_PROFILE[sdk=iphoneos*]" = "";
				SDKROOT = iphoneos3.0;
				VERSIONING_SYSTEM = "apple-generic";
			};
			name = Release;
		};
/* End XCBuildConfiguration section */

/* Begin XCConfigurationList section */
		1D6058960D05DD3E006BFB54 /* Build configuration list for PBXNativeTarget "Glint" */ = {
			isa = XCConfigurationList;
			buildConfigurations = (
				1D6058940D05DD3E006BFB54 /* Debug */,
				1D6058950D05DD3E006BFB54 /* Release */,
				29FFE05C1013B8570091ACC8 /* Distribution */,
			);
			defaultConfigurationIsVisible = 0;
			defaultConfigurationName = Release;
		};
		291C0DBE101E230C00393E77 /* Build configuration list for PBXNativeTarget "Tests" */ = {
			isa = XCConfigurationList;
			buildConfigurations = (
				291C0DB7101E22F700393E77 /* Debug */,
				291C0DB8101E22F700393E77 /* Release */,
				291C0DB9101E22F700393E77 /* Distribution */,
			);
			defaultConfigurationIsVisible = 0;
			defaultConfigurationName = Release;
		};
		C01FCF4E08A954540054247B /* Build configuration list for PBXProject "Glint" */ = {
			isa = XCConfigurationList;
			buildConfigurations = (
				C01FCF4F08A954540054247B /* Debug */,
				C01FCF5008A954540054247B /* Release */,
				29FFE05B1013B8570091ACC8 /* Distribution */,
			);
			defaultConfigurationIsVisible = 0;
			defaultConfigurationName = Release;
		};
/* End XCConfigurationList section */
	};
	rootObject = 29B97313FDCFA39411CA2CEA /* Project object */;
}
